{
  "object": {
    "pins": [
      {
        "package": "PubNub",
        "repositoryURL": "https://github.com/pubnub/swift",
        "state": {
          "branch": null,
          "revision": "f9b4f9fae22026d01dfc469be2ac348cf30a9458",
          "version": "3.1.0"
        }
      }
    ]
  },
  "version": 1
}
